// !$*UTF8*$!
{
	archiveVersion = 1;
	classes = {
	};
	objectVersion = 51;
	objects = {

/* Begin PBXBuildFile section */
		04F67645252DE1A60051F979 /* AppDelegate.swift in Sources */ = {isa = PBXBuildFile; fileRef = 04F67644252DE1A60051F979 /* AppDelegate.swift */; };
		04F67647252DE1A60051F979 /* SceneDelegate.swift in Sources */ = {isa = PBXBuildFile; fileRef = 04F67646252DE1A60051F979 /* SceneDelegate.swift */; };
		04F67649252DE1A60051F979 /* ViewController.swift in Sources */ = {isa = PBXBuildFile; fileRef = 04F67648252DE1A60051F979 /* ViewController.swift */; };
		04F6764C252DE1A60051F979 /* Main.storyboard in Resources */ = {isa = PBXBuildFile; fileRef = 04F6764A252DE1A60051F979 /* Main.storyboard */; };
		04F6764E252DE1A70051F979 /* Assets.xcassets in Resources */ = {isa = PBXBuildFile; fileRef = 04F6764D252DE1A70051F979 /* Assets.xcassets */; };
		04F67651252DE1A70051F979 /* LaunchScreen.storyboard in Resources */ = {isa = PBXBuildFile; fileRef = 04F6764F252DE1A70051F979 /* LaunchScreen.storyboard */; };
		04FCA053252DE7EF004A1D95 /* LoginViewModel.swift in Sources */ = {isa = PBXBuildFile; fileRef = 04FCA052252DE7EF004A1D95 /* LoginViewModel.swift */; };
		650DD0948E246CAE940FD4A6 /* Pods_RxLoginExample.framework in Frameworks */ = {isa = PBXBuildFile; fileRef = 356A9992972CED76D7A2AF00 /* Pods_RxLoginExample.framework */; };
/* End PBXBuildFile section */

/* Begin PBXFileReference section */
		04F67641252DE1A60051F979 /* RxLoginExample.app */ = {isa = PBXFileReference; explicitFileType = wrapper.application; includeInIndex = 0; path = RxLoginExample.app; sourceTree = BUILT_PRODUCTS_DIR; };
		04F67644252DE1A60051F979 /* AppDelegate.swift */ = {isa = PBXFileReference; lastKnownFileType = sourcecode.swift; path = AppDelegate.swift; sourceTree = "<group>"; };
		04F67646252DE1A60051F979 /* SceneDelegate.swift */ = {isa = PBXFileReference; lastKnownFileType = sourcecode.swift; path = SceneDelegate.swift; sourceTree = "<group>"; };
		04F67648252DE1A60051F979 /* ViewController.swift */ = {isa = PBXFileReference; lastKnownFileType = sourcecode.swift; path = ViewController.swift; sourceTree = "<group>"; };
		04F6764B252DE1A60051F979 /* Base */ = {isa = PBXFileReference; lastKnownFileType = file.storyboard; name = Base; path = Base.lproj/Main.storyboard; sourceTree = "<group>"; };
		04F6764D252DE1A70051F979 /* Assets.xcassets */ = {isa = PBXFileReference; lastKnownFileType = folder.assetcatalog; path = Assets.xcassets; sourceTree = "<group>"; };
		04F67650252DE1A70051F979 /* Base */ = {isa = PBXFileReference; lastKnownFileType = file.storyboard; name = Base; path = Base.lproj/LaunchScreen.storyboard; sourceTree = "<group>"; };
		04F67652252DE1A70051F979 /* Info.plist */ = {isa = PBXFileReference; lastKnownFileType = text.plist.xml; path = Info.plist; sourceTree = "<group>"; };
		04FCA052252DE7EF004A1D95 /* LoginViewModel.swift */ = {isa = PBXFileReference; lastKnownFileType = sourcecode.swift; path = LoginViewModel.swift; sourceTree = "<group>"; };
		356A9992972CED76D7A2AF00 /* Pods_RxLoginExample.framework */ = {isa = PBXFileReference; explicitFileType = wrapper.framework; includeInIndex = 0; path = Pods_RxLoginExample.framework; sourceTree = BUILT_PRODUCTS_DIR; };
		4041F9B76F3D9D247C886629 /* Pods-RxLoginExample.release.xcconfig */ = {isa = PBXFileReference; includeInIndex = 1; lastKnownFileType = text.xcconfig; name = "Pods-RxLoginExample.release.xcconfig"; path = "Target Support Files/Pods-RxLoginExample/Pods-RxLoginExample.release.xcconfig"; sourceTree = "<group>"; };
		959B0A3D8F1F90B35BD72043 /* Pods-RxLoginExample.debug.xcconfig */ = {isa = PBXFileReference; includeInIndex = 1; lastKnownFileType = text.xcconfig; name = "Pods-RxLoginExample.debug.xcconfig"; path = "Target Support Files/Pods-RxLoginExample/Pods-RxLoginExample.debug.xcconfig"; sourceTree = "<group>"; };
/* End PBXFileReference section */

/* Begin PBXFrameworksBuildPhase section */
		04F6763E252DE1A60051F979 /* Frameworks */ = {
			isa = PBXFrameworksBuildPhase;
			buildActionMask = 2147483647;
			files = (
				650DD0948E246CAE940FD4A6 /* Pods_RxLoginExample.framework in Frameworks */,
			);
			runOnlyForDeploymentPostprocessing = 0;
		};
/* End PBXFrameworksBuildPhase section */

/* Begin PBXGroup section */
		04CA8AD2252DE281000CB523 /* ViewModel */ = {
			isa = PBXGroup;
			children = (
				04FCA052252DE7EF004A1D95 /* LoginViewModel.swift */,
			);
			path = ViewModel;
			sourceTree = "<group>";
		};
		04CA8AD3252DE286000CB523 /* View */ = {
			isa = PBXGroup;
			children = (
				04F67648252DE1A60051F979 /* ViewController.swift */,
			);
			path = View;
			sourceTree = "<group>";
		};
		04F67638252DE1A60051F979 = {
			isa = PBXGroup;
			children = (
				04F67643252DE1A60051F979 /* RxLoginExample */,
				04F67642252DE1A60051F979 /* Products */,
				E7FB823753BF66E042749E4C /* Pods */,
				31A586DABAFE352D83905F16 /* Frameworks */,
			);
			sourceTree = "<group>";
		};
		04F67642252DE1A60051F979 /* Products */ = {
			isa = PBXGroup;
			children = (
				04F67641252DE1A60051F979 /* RxLoginExample.app */,
			);
			name = Products;
			sourceTree = "<group>";
		};
		04F67643252DE1A60051F979 /* RxLoginExample */ = {
			isa = PBXGroup;
			children = (
				04CA8AD3252DE286000CB523 /* View */,
				04CA8AD2252DE281000CB523 /* ViewModel */,
				04F67644252DE1A60051F979 /* AppDelegate.swift */,
				04F67646252DE1A60051F979 /* SceneDelegate.swift */,
				04F6764A252DE1A60051F979 /* Main.storyboard */,
				04F6764D252DE1A70051F979 /* Assets.xcassets */,
				04F6764F252DE1A70051F979 /* LaunchScreen.storyboard */,
				04F67652252DE1A70051F979 /* Info.plist */,
			);
			path = RxLoginExample;
			sourceTree = "<group>";
		};
		31A586DABAFE352D83905F16 /* Frameworks */ = {
			isa = PBXGroup;
			children = (
				356A9992972CED76D7A2AF00 /* Pods_RxLoginExample.framework */,
			);
			name = Frameworks;
			sourceTree = "<group>";
		};
		E7FB823753BF66E042749E4C /* Pods */ = {
			isa = PBXGroup;
			children = (
				959B0A3D8F1F90B35BD72043 /* Pods-RxLoginExample.debug.xcconfig */,
				4041F9B76F3D9D247C886629 /* Pods-RxLoginExample.release.xcconfig */,
			);
			path = Pods;
			sourceTree = "<group>";
		};
/* End PBXGroup section */

/* Begin PBXNativeTarget section */
		04F67640252DE1A60051F979 /* RxLoginExample */ = {
			isa = PBXNativeTarget;
			buildConfigurationList = 04F67655252DE1A70051F979 /* Build configuration list for PBXNativeTarget "RxLoginExample" */;
			buildPhases = (
				5CC7062E4E22AACF6DE8E913 /* [CP] Check Pods Manifest.lock */,
				04F6763D252DE1A60051F979 /* Sources */,
				04F6763E252DE1A60051F979 /* Frameworks */,
				04F6763F252DE1A60051F979 /* Resources */,
				AEE0469D00D4F4E448D58D64 /* [CP] Embed Pods Frameworks */,
			);
			buildRules = (
			);
			dependencies = (
			);
			name = RxLoginExample;
			productName = RxLoginExample;
			productReference = 04F67641252DE1A60051F979 /* RxLoginExample.app */;
			productType = "com.apple.product-type.application";
		};
/* End PBXNativeTarget section */

/* Begin PBXProject section */
		04F67639252DE1A60051F979 /* Project object */ = {
			isa = PBXProject;
			attributes = {
				LastSwiftUpdateCheck = 1200;
				LastUpgradeCheck = 1200;
				TargetAttributes = {
					04F67640252DE1A60051F979 = {
						CreatedOnToolsVersion = 12.0;
					};
				};
			};
			buildConfigurationList = 04F6763C252DE1A60051F979 /* Build configuration list for PBXProject "RxLoginExample" */;
			compatibilityVersion = "Xcode 9.3";
			developmentRegion = en;
			hasScannedForEncodings = 0;
			knownRegions = (
				en,
				Base,
			);
			mainGroup = 04F67638252DE1A60051F979;
			productRefGroup = 04F67642252DE1A60051F979 /* Products */;
			projectDirPath = "";
			projectRoot = "";
			targets = (
				04F67640252DE1A60051F979 /* RxLoginExample */,
			);
		};
/* End PBXProject section */

/* Begin PBXResourcesBuildPhase section */
		04F6763F252DE1A60051F979 /* Resources */ = {
			isa = PBXResourcesBuildPhase;
			buildActionMask = 2147483647;
			files = (
				04F67651252DE1A70051F979 /* LaunchScreen.storyboard in Resources */,
				04F6764E252DE1A70051F979 /* Assets.xcassets in Resources */,
				04F6764C252DE1A60051F979 /* Main.storyboard in Resources */,
			);
			runOnlyForDeploymentPostprocessing = 0;
		};
/* End PBXResourcesBuildPhase section */

/* Begin PBXShellScriptBuildPhase section */
		5CC7062E4E22AACF6DE8E913 /* [CP] Check Pods Manifest.lock */ = {
			isa = PBXShellScriptBuildPhase;
			buildActionMask = 2147483647;
			files = (
			);
			inputFileListPaths = (
			);
			inputPaths = (
				"${PODS_PODFILE_DIR_PATH}/Podfile.lock",
				"${PODS_ROOT}/Manifest.lock",
			);
			name = "[CP] Check Pods Manifest.lock";
			outputFileListPaths = (
			);
			outputPaths = (
				"$(DERIVED_FILE_DIR)/Pods-RxLoginExample-checkManifestLockResult.txt",
			);
			runOnlyForDeploymentPostprocessing = 0;
			shellPath = /bin/sh;
			shellScript = "diff \"${PODS_PODFILE_DIR_PATH}/Podfile.lock\" \"${PODS_ROOT}/Manifest.lock\" > /dev/null\nif [ $? != 0 ] ; then\n    # print error to STDERR\n    echo \"error: The sandbox is not in sync with the Podfile.lock. Run 'pod install' or update your CocoaPods installation.\" >&2\n    exit 1\nfi\n# This output is used by Xcode 'outputs' to avoid re-running this script phase.\necho \"SUCCESS\" > \"${SCRIPT_OUTPUT_FILE_0}\"\n";
			showEnvVarsInLog = 0;
		};
		AEE0469D00D4F4E448D58D64 /* [CP] Embed Pods Frameworks */ = {
			isa = PBXShellScriptBuildPhase;
			buildActionMask = 2147483647;
			files = (
			);
			inputFileListPaths = (
				"${PODS_ROOT}/Target Support Files/Pods-RxLoginExample/Pods-RxLoginExample-frameworks-${CONFIGURATION}-input-files.xcfilelist",
			);
			name = "[CP] Embed Pods Frameworks";
			outputFileListPaths = (
				"${PODS_ROOT}/Target Support Files/Pods-RxLoginExample/Pods-RxLoginExample-frameworks-${CONFIGURATION}-output-files.xcfilelist",
			);
			runOnlyForDeploymentPostprocessing = 0;
			shellPath = /bin/sh;
			shellScript = "\"${PODS_ROOT}/Target Support Files/Pods-RxLoginExample/Pods-RxLoginExample-frameworks.sh\"\n";
			showEnvVarsInLog = 0;
		};
/* End PBXShellScriptBuildPhase section */

/* Begin PBXSourcesBuildPhase section */
		04F6763D252DE1A60051F979 /* Sources */ = {
			isa = PBXSourcesBuildPhase;
			buildActionMask = 2147483647;
			files = (
				04FCA053252DE7EF004A1D95 /* LoginViewModel.swift in Sources */,
				04F67649252DE1A60051F979 /* ViewController.swift in Sources */,
				04F67645252DE1A60051F979 /* AppDelegate.swift in Sources */,
				04F67647252DE1A60051F979 /* SceneDelegate.swift in Sources */,
			);
			runOnlyForDeploymentPostprocessing = 0;
		};
/* End PBXSourcesBuildPhase section */

/* Begin PBXVariantGroup section */
		04F6764A252DE1A60051F979 /* Main.storyboard */ = {
			isa = PBXVariantGroup;
			children = (
				04F6764B252DE1A60051F979 /* Base */,
			);
			name = Main.storyboard;
			sourceTree = "<group>";
		};
		04F6764F252DE1A70051F979 /* LaunchScreen.storyboard */ = {
			isa = PBXVariantGroup;
			children = (
				04F67650252DE1A70051F979 /* Base */,
			);
			name = LaunchScreen.storyboard;
			sourceTree = "<group>";
		};
/* End PBXVariantGroup section */

/* Begin XCBuildConfiguration section */
		04F67653252DE1A70051F979 /* Debug */ = {
			isa = XCBuildConfiguration;
			buildSettings = {
				ALWAYS_SEARCH_USER_PATHS = NO;
				CLANG_ANALYZER_NONNULL = YES;
				CLANG_ANALYZER_NUMBER_OBJECT_CONVERSION = YES_AGGRESSIVE;
				CLANG_CXX_LANGUAGE_STANDARD = "gnu++14";
				CLANG_CXX_LIBRARY = "libc++";
				CLANG_ENABLE_MODULES = YES;
				CLANG_ENABLE_OBJC_ARC = YES;
				CLANG_ENABLE_OBJC_WEAK = YES;
				CLANG_WARN_BLOCK_CAPTURE_AUTORELEASING = YES;
				CLANG_WARN_BOOL_CONVERSION = YES;
				CLANG_WARN_COMMA = YES;
				CLANG_WARN_CONSTANT_CONVERSION = YES;
				CLANG_WARN_DEPRECATED_OBJC_IMPLEMENTATIONS = YES;
				CLANG_WARN_DIRECT_OBJC_ISA_USAGE = YES_ERROR;
				CLANG_WARN_DOCUMENTATION_COMMENTS = YES;
				CLANG_WARN_EMPTY_BODY = YES;
				CLANG_WARN_ENUM_CONVERSION = YES;
				CLANG_WARN_INFINITE_RECURSION = YES;
				CLANG_WARN_INT_CONVERSION = YES;
				CLANG_WARN_NON_LITERAL_NULL_CONVERSION = YES;
				CLANG_WARN_OBJC_IMPLICIT_RETAIN_SELF = YES;
				CLANG_WARN_OBJC_LITERAL_CONVERSION = YES;
				CLANG_WARN_OBJC_ROOT_CLASS = YES_ERROR;
				CLANG_WARN_QUOTED_INCLUDE_IN_FRAMEWORK_HEADER = YES;
				CLANG_WARN_RANGE_LOOP_ANALYSIS = YES;
				CLANG_WARN_STRICT_PROTOTYPES = YES;
				CLANG_WARN_SUSPICIOUS_MOVE = YES;
				CLANG_WARN_UNGUARDED_AVAILABILITY = YES_AGGRESSIVE;
				CLANG_WARN_UNREACHABLE_CODE = YES;
				CLANG_WARN__DUPLICATE_METHOD_MATCH = YES;
				COPY_PHASE_STRIP = NO;
				DEBUG_INFORMATION_FORMAT = dwarf;
				ENABLE_STRICT_OBJC_MSGSEND = YES;
				ENABLE_TESTABILITY = YES;
				GCC_C_LANGUAGE_STANDARD = gnu11;
				GCC_DYNAMIC_NO_PIC = NO;
				GCC_NO_COMMON_BLOCKS = YES;
				GCC_OPTIMIZATION_LEVEL = 0;
				GCC_PREPROCESSOR_DEFINITIONS = (
					"DEBUG=1",
					"$(inherited)",
				);
				GCC_WARN_64_TO_32_BIT_CONVERSION = YES;
				GCC_WARN_ABOUT_RETURN_TYPE = YES_ERROR;
				GCC_WARN_UNDECLARED_SELECTOR = YES;
				GCC_WARN_UNINITIALIZED_AUTOS = YES_AGGRESSIVE;
				GCC_WARN_UNUSED_FUNCTION = YES;
				GCC_WARN_UNUSED_VARIABLE = YES;
				IPHONEOS_DEPLOYMENT_TARGET = 14.0;
				MTL_ENABLE_DEBUG_INFO = INCLUDE_SOURCE;
				MTL_FAST_MATH = YES;
				ONLY_ACTIVE_ARCH = YES;
				SDKROOT = iphoneos;
				SWIFT_ACTIVE_COMPILATION_CONDITIONS = DEBUG;
				SWIFT_OPTIMIZATION_LEVEL = "-Onone";
			};
			name = Debug;
		};
		04F67654252DE1A70051F979 /* Release */ = {
			isa = XCBuildConfiguration;
			buildSettings = {
				ALWAYS_SEARCH_USER_PATHS = NO;
				CLANG_ANALYZER_NONNULL = YES;
				CLANG_ANALYZER_NUMBER_OBJECT_CONVERSION = YES_AGGRESSIVE;
				CLANG_CXX_LANGUAGE_STANDARD = "gnu++14";
				CLANG_CXX_LIBRARY = "libc++";
				CLANG_ENABLE_MODULES = YES;
				CLANG_ENABLE_OBJC_ARC = YES;
				CLANG_ENABLE_OBJC_WEAK = YES;
				CLANG_WARN_BLOCK_CAPTURE_AUTORELEASING = YES;
				CLANG_WARN_BOOL_CONVERSION = YES;
				CLANG_WARN_COMMA = YES;
				CLANG_WARN_CONSTANT_CONVERSION = YES;
				CLANG_WARN_DEPRECATED_OBJC_IMPLEMENTATIONS = YES;
				CLANG_WARN_DIRECT_OBJC_ISA_USAGE = YES_ERROR;
				CLANG_WARN_DOCUMENTATION_COMMENTS = YES;
				CLANG_WARN_EMPTY_BODY = YES;
				CLANG_WARN_ENUM_CONVERSION = YES;
				CLANG_WARN_INFINITE_RECURSION = YES;
				CLANG_WARN_INT_CONVERSION = YES;
				CLANG_WARN_NON_LITERAL_NULL_CONVERSION = YES;
				CLANG_WARN_OBJC_IMPLICIT_RETAIN_SELF = YES;
				CLANG_WARN_OBJC_LITERAL_CONVERSION = YES;
				CLANG_WARN_OBJC_ROOT_CLASS = YES_ERROR;
				CLANG_WARN_QUOTED_INCLUDE_IN_FRAMEWORK_HEADER = YES;
				CLANG_WARN_RANGE_LOOP_ANALYSIS = YES;
				CLANG_WARN_STRICT_PROTOTYPES = YES;
				CLANG_WARN_SUSPICIOUS_MOVE = YES;
				CLANG_WARN_UNGUARDED_AVAILABILITY = YES_AGGRESSIVE;
				CLANG_WARN_UNREACHABLE_CODE = YES;
				CLANG_WARN__DUPLICATE_METHOD_MATCH = YES;
				COPY_PHASE_STRIP = NO;
				DEBUG_INFORMATION_FORMAT = "dwarf-with-dsym";
				ENABLE_NS_ASSERTIONS = NO;
				ENABLE_STRICT_OBJC_MSGSEND = YES;
				GCC_C_LANGUAGE_STANDARD = gnu11;
				GCC_NO_COMMON_BLOCKS = YES;
				GCC_WARN_64_TO_32_BIT_CONVERSION = YES;
				GCC_WARN_ABOUT_RETURN_TYPE = YES_ERROR;
				GCC_WARN_UNDECLARED_SELECTOR = YES;
				GCC_WARN_UNINITIALIZED_AUTOS = YES_AGGRESSIVE;
				GCC_WARN_UNUSED_FUNCTION = YES;
				GCC_WARN_UNUSED_VARIABLE = YES;
				IPHONEOS_DEPLOYMENT_TARGET = 14.0;
				MTL_ENABLE_DEBUG_INFO = NO;
				MTL_FAST_MATH = YES;
				SDKROOT = iphoneos;
				SWIFT_COMPILATION_MODE = wholemodule;
				SWIFT_OPTIMIZATION_LEVEL = "-O";
				VALIDATE_PRODUCT = YES;
			};
			name = Release;
		};
		04F67656252DE1A70051F979 /* Debug */ = {
			isa = XCBuildConfiguration;
			baseConfigurationReference = 959B0A3D8F1F90B35BD72043 /* Pods-RxLoginExample.debug.xcconfig */;
			buildSettings = {
				ASSETCATALOG_COMPILER_APPICON_NAME = AppIcon;
				ASSETCATALOG_COMPILER_GLOBAL_ACCENT_COLOR_NAME = AccentColor;
				CODE_SIGN_STYLE = Automatic;
				DEVELOPMENT_TEAM = 857J3M5L6B;
				INFOPLIST_FILE = RxLoginExample/Info.plist;
				LD_RUNPATH_SEARCH_PATHS = (
					"$(inherited)",
					"@executable_path/Frameworks",
				);
				PRODUCT_BUNDLE_IDENTIFIER = com.Jungsu.RxLoginExample;
				PRODUCT_NAME = "$(TARGET_NAME)";
				SWIFT_VERSION = 5.0;
				TARGETED_DEVICE_FAMILY = "1,2";
			};
			name = Debug;
		};
		04F67657252DE1A70051F979 /* Release */ = {
			isa = XCBuildConfiguration;
			baseConfigurationReference = 4041F9B76F3D9D247C886629 /* Pods-RxLoginExample.release.xcconfig */;
			buildSettings = {
				ASSETCATALOG_COMPILER_APPICON_NAME = AppIcon;
				ASSETCATALOG_COMPILER_GLOBAL_ACCENT_COLOR_NAME = AccentColor;
				CODE_SIGN_STYLE = Automatic;
				DEVELOPMENT_TEAM = 857J3M5L6B;
				INFOPLIST_FILE = RxLoginExample/Info.plist;
				LD_RUNPATH_SEARCH_PATHS = (
					"$(inherited)",
					"@executable_path/Frameworks",
				);
				PRODUCT_BUNDLE_IDENTIFIER = com.Jungsu.RxLoginExample;
				PRODUCT_NAME = "$(TARGET_NAME)";
				SWIFT_VERSION = 5.0;
				TARGETED_DEVICE_FAMILY = "1,2";
			};
			name = Release;
		};
/* End XCBuildConfiguration section */

/* Begin XCConfigurationList section */
		04F6763C252DE1A60051F979 /* Build configuration list for PBXProject "RxLoginExample" */ = {
			isa = XCConfigurationList;
			buildConfigurations = (
				04F67653252DE1A70051F979 /* Debug */,
				04F67654252DE1A70051F979 /* Release */,
			);
			defaultConfigurationIsVisible = 0;
			defaultConfigurationName = Release;
		};
		04F67655252DE1A70051F979 /* Build configuration list for PBXNativeTarget "RxLoginExample" */ = {
			isa = XCConfigurationList;
			buildConfigurations = (
				04F67656252DE1A70051F979 /* Debug */,
				04F67657252DE1A70051F979 /* Release */,
			);
			defaultConfigurationIsVisible = 0;
			defaultConfigurationName = Release;
		};
/* End XCConfigurationList section */
	};
	rootObject = 04F67639252DE1A60051F979 /* Project object */;
}
