// !$*UTF8*$!
{
	archiveVersion = 1;
	classes = {
	};
	objectVersion = 51;
	objects = {

/* Begin PBXBuildFile section */
		04B0F16725261A73002E0F44 /* RestaurantViewModel.swift in Sources */ = {isa = PBXBuildFile; fileRef = 04B0F16625261A73002E0F44 /* RestaurantViewModel.swift */; };
		04F792EC25260C7A00246C62 /* AppDelegate.swift in Sources */ = {isa = PBXBuildFile; fileRef = 04F792EB25260C7A00246C62 /* AppDelegate.swift */; };
		04F792EE25260C7A00246C62 /* SceneDelegate.swift in Sources */ = {isa = PBXBuildFile; fileRef = 04F792ED25260C7A00246C62 /* SceneDelegate.swift */; };
		04F792F025260C7A00246C62 /* ViewController.swift in Sources */ = {isa = PBXBuildFile; fileRef = 04F792EF25260C7A00246C62 /* ViewController.swift */; };
		04F792F325260C7A00246C62 /* Main.storyboard in Resources */ = {isa = PBXBuildFile; fileRef = 04F792F125260C7A00246C62 /* Main.storyboard */; };
		04F792F525260C7B00246C62 /* Assets.xcassets in Resources */ = {isa = PBXBuildFile; fileRef = 04F792F425260C7B00246C62 /* Assets.xcassets */; };
		04F792F825260C7B00246C62 /* LaunchScreen.storyboard in Resources */ = {isa = PBXBuildFile; fileRef = 04F792F625260C7B00246C62 /* LaunchScreen.storyboard */; };
		04F7930725260D2B00246C62 /* AppCoordinator.swift in Sources */ = {isa = PBXBuildFile; fileRef = 04F7930625260D2B00246C62 /* AppCoordinator.swift */; };
		04F7930A2526102500246C62 /* restaurants.json in Resources */ = {isa = PBXBuildFile; fileRef = 04F793092526102500246C62 /* restaurants.json */; };
		04F7930D252610B900246C62 /* Restaurant.swift in Sources */ = {isa = PBXBuildFile; fileRef = 04F7930C252610B900246C62 /* Restaurant.swift */; };
		04F793102526113B00246C62 /* RestaurantService.swift in Sources */ = {isa = PBXBuildFile; fileRef = 04F7930F2526113B00246C62 /* RestaurantService.swift */; };
		04F793192526192300246C62 /* RestaurantListViewModel.swift in Sources */ = {isa = PBXBuildFile; fileRef = 04F793182526192300246C62 /* RestaurantListViewModel.swift */; };
		48767C1C1B746603DFE144A8 /* Pods_MVVMRxSwift.framework in Frameworks */ = {isa = PBXBuildFile; fileRef = 5ED8D8A69ED2C5D03B78B419 /* Pods_MVVMRxSwift.framework */; };
/* End PBXBuildFile section */

/* Begin PBXFileReference section */
		04B0F16625261A73002E0F44 /* RestaurantViewModel.swift */ = {isa = PBXFileReference; lastKnownFileType = sourcecode.swift; path = RestaurantViewModel.swift; sourceTree = "<group>"; };
		04F792E825260C7A00246C62 /* MVVMRxSwift.app */ = {isa = PBXFileReference; explicitFileType = wrapper.application; includeInIndex = 0; path = MVVMRxSwift.app; sourceTree = BUILT_PRODUCTS_DIR; };
		04F792EB25260C7A00246C62 /* AppDelegate.swift */ = {isa = PBXFileReference; lastKnownFileType = sourcecode.swift; path = AppDelegate.swift; sourceTree = "<group>"; };
		04F792ED25260C7A00246C62 /* SceneDelegate.swift */ = {isa = PBXFileReference; lastKnownFileType = sourcecode.swift; path = SceneDelegate.swift; sourceTree = "<group>"; };
		04F792EF25260C7A00246C62 /* ViewController.swift */ = {isa = PBXFileReference; lastKnownFileType = sourcecode.swift; path = ViewController.swift; sourceTree = "<group>"; };
		04F792F225260C7A00246C62 /* Base */ = {isa = PBXFileReference; lastKnownFileType = file.storyboard; name = Base; path = Base.lproj/Main.storyboard; sourceTree = "<group>"; };
		04F792F425260C7B00246C62 /* Assets.xcassets */ = {isa = PBXFileReference; lastKnownFileType = folder.assetcatalog; path = Assets.xcassets; sourceTree = "<group>"; };
		04F792F725260C7B00246C62 /* Base */ = {isa = PBXFileReference; lastKnownFileType = file.storyboard; name = Base; path = Base.lproj/LaunchScreen.storyboard; sourceTree = "<group>"; };
		04F792F925260C7B00246C62 /* Info.plist */ = {isa = PBXFileReference; lastKnownFileType = text.plist.xml; path = Info.plist; sourceTree = "<group>"; };
		04F7930625260D2B00246C62 /* AppCoordinator.swift */ = {isa = PBXFileReference; lastKnownFileType = sourcecode.swift; path = AppCoordinator.swift; sourceTree = "<group>"; };
		04F793092526102500246C62 /* restaurants.json */ = {isa = PBXFileReference; lastKnownFileType = text.json; path = restaurants.json; sourceTree = "<group>"; };
		04F7930C252610B900246C62 /* Restaurant.swift */ = {isa = PBXFileReference; lastKnownFileType = sourcecode.swift; path = Restaurant.swift; sourceTree = "<group>"; };
		04F7930F2526113B00246C62 /* RestaurantService.swift */ = {isa = PBXFileReference; lastKnownFileType = sourcecode.swift; path = RestaurantService.swift; sourceTree = "<group>"; };
		04F793182526192300246C62 /* RestaurantListViewModel.swift */ = {isa = PBXFileReference; lastKnownFileType = sourcecode.swift; path = RestaurantListViewModel.swift; sourceTree = "<group>"; };
		3BD58C592F389928CDEC92B8 /* Pods-MVVMRxSwift.release.xcconfig */ = {isa = PBXFileReference; includeInIndex = 1; lastKnownFileType = text.xcconfig; name = "Pods-MVVMRxSwift.release.xcconfig"; path = "Target Support Files/Pods-MVVMRxSwift/Pods-MVVMRxSwift.release.xcconfig"; sourceTree = "<group>"; };
		3E2A5F3E3F774E9F544D5291 /* Pods-MVVMRxSwift.debug.xcconfig */ = {isa = PBXFileReference; includeInIndex = 1; lastKnownFileType = text.xcconfig; name = "Pods-MVVMRxSwift.debug.xcconfig"; path = "Target Support Files/Pods-MVVMRxSwift/Pods-MVVMRxSwift.debug.xcconfig"; sourceTree = "<group>"; };
		5ED8D8A69ED2C5D03B78B419 /* Pods_MVVMRxSwift.framework */ = {isa = PBXFileReference; explicitFileType = wrapper.framework; includeInIndex = 0; path = Pods_MVVMRxSwift.framework; sourceTree = BUILT_PRODUCTS_DIR; };
/* End PBXFileReference section */

/* Begin PBXFrameworksBuildPhase section */
		04F792E525260C7A00246C62 /* Frameworks */ = {
			isa = PBXFrameworksBuildPhase;
			buildActionMask = 2147483647;
			files = (
				48767C1C1B746603DFE144A8 /* Pods_MVVMRxSwift.framework in Frameworks */,
			);
			runOnlyForDeploymentPostprocessing = 0;
		};
/* End PBXFrameworksBuildPhase section */

/* Begin PBXGroup section */
		04F792DF25260C7A00246C62 = {
			isa = PBXGroup;
			children = (
				04F792EA25260C7A00246C62 /* MVVMRxSwift */,
				04F792E925260C7A00246C62 /* Products */,
				DC1EF25361E969CA1FBF48CE /* Pods */,
				1BACDB75F42A41E38CA65B5B /* Frameworks */,
			);
			sourceTree = "<group>";
		};
		04F792E925260C7A00246C62 /* Products */ = {
			isa = PBXGroup;
			children = (
				04F792E825260C7A00246C62 /* MVVMRxSwift.app */,
			);
			name = Products;
			sourceTree = "<group>";
		};
		04F792EA25260C7A00246C62 /* MVVMRxSwift */ = {
			isa = PBXGroup;
			children = (
				04F7931B2526192800246C62 /* ViewModel */,
				04F79316252616BC00246C62 /* ViewController */,
				04F79315252616AE00246C62 /* Coordinator */,
				04F793132526169D00246C62 /* Service */,
				04F793122526169800246C62 /* Model */,
				04F792EB25260C7A00246C62 /* AppDelegate.swift */,
				04F792ED25260C7A00246C62 /* SceneDelegate.swift */,
				04F792F125260C7A00246C62 /* Main.storyboard */,
				04F792F425260C7B00246C62 /* Assets.xcassets */,
				04F792F625260C7B00246C62 /* LaunchScreen.storyboard */,
				04F792F925260C7B00246C62 /* Info.plist */,
				04F79314252616A200246C62 /* Data */,
			);
			path = MVVMRxSwift;
			sourceTree = "<group>";
		};
		04F793122526169800246C62 /* Model */ = {
			isa = PBXGroup;
			children = (
				04F7930C252610B900246C62 /* Restaurant.swift */,
			);
			path = Model;
			sourceTree = "<group>";
		};
		04F793132526169D00246C62 /* Service */ = {
			isa = PBXGroup;
			children = (
				04F7930F2526113B00246C62 /* RestaurantService.swift */,
			);
			path = Service;
			sourceTree = "<group>";
		};
		04F79314252616A200246C62 /* Data */ = {
			isa = PBXGroup;
			children = (
				04F793092526102500246C62 /* restaurants.json */,
			);
			path = Data;
			sourceTree = "<group>";
		};
		04F79315252616AE00246C62 /* Coordinator */ = {
			isa = PBXGroup;
			children = (
				04F7930625260D2B00246C62 /* AppCoordinator.swift */,
			);
			path = Coordinator;
			sourceTree = "<group>";
		};
		04F79316252616BC00246C62 /* ViewController */ = {
			isa = PBXGroup;
			children = (
				04F792EF25260C7A00246C62 /* ViewController.swift */,
			);
			path = ViewController;
			sourceTree = "<group>";
		};
		04F7931B2526192800246C62 /* ViewModel */ = {
			isa = PBXGroup;
			children = (
				04F793182526192300246C62 /* RestaurantListViewModel.swift */,
				04B0F16625261A73002E0F44 /* RestaurantViewModel.swift */,
			);
			path = ViewModel;
			sourceTree = "<group>";
		};
		1BACDB75F42A41E38CA65B5B /* Frameworks */ = {
			isa = PBXGroup;
			children = (
				5ED8D8A69ED2C5D03B78B419 /* Pods_MVVMRxSwift.framework */,
			);
			name = Frameworks;
			sourceTree = "<group>";
		};
		DC1EF25361E969CA1FBF48CE /* Pods */ = {
			isa = PBXGroup;
			children = (
				3E2A5F3E3F774E9F544D5291 /* Pods-MVVMRxSwift.debug.xcconfig */,
				3BD58C592F389928CDEC92B8 /* Pods-MVVMRxSwift.release.xcconfig */,
			);
			path = Pods;
			sourceTree = "<group>";
		};
/* End PBXGroup section */

/* Begin PBXNativeTarget section */
		04F792E725260C7A00246C62 /* MVVMRxSwift */ = {
			isa = PBXNativeTarget;
			buildConfigurationList = 04F792FC25260C7B00246C62 /* Build configuration list for PBXNativeTarget "MVVMRxSwift" */;
			buildPhases = (
				08CD7C77454F0185B8D13C0C /* [CP] Check Pods Manifest.lock */,
				04F792E425260C7A00246C62 /* Sources */,
				04F792E525260C7A00246C62 /* Frameworks */,
				04F792E625260C7A00246C62 /* Resources */,
				8D94760FE7511F6AF6201ABB /* [CP] Embed Pods Frameworks */,
			);
			buildRules = (
			);
			dependencies = (
			);
			name = MVVMRxSwift;
			productName = MVVMRxSwift;
			productReference = 04F792E825260C7A00246C62 /* MVVMRxSwift.app */;
			productType = "com.apple.product-type.application";
		};
/* End PBXNativeTarget section */

/* Begin PBXProject section */
		04F792E025260C7A00246C62 /* Project object */ = {
			isa = PBXProject;
			attributes = {
				LastSwiftUpdateCheck = 1200;
				LastUpgradeCheck = 1200;
				TargetAttributes = {
					04F792E725260C7A00246C62 = {
						CreatedOnToolsVersion = 12.0;
					};
				};
			};
			buildConfigurationList = 04F792E325260C7A00246C62 /* Build configuration list for PBXProject "MVVMRxSwift" */;
			compatibilityVersion = "Xcode 9.3";
			developmentRegion = en;
			hasScannedForEncodings = 0;
			knownRegions = (
				en,
				Base,
			);
			mainGroup = 04F792DF25260C7A00246C62;
			productRefGroup = 04F792E925260C7A00246C62 /* Products */;
			projectDirPath = "";
			projectRoot = "";
			targets = (
				04F792E725260C7A00246C62 /* MVVMRxSwift */,
			);
		};
/* End PBXProject section */

/* Begin PBXResourcesBuildPhase section */
		04F792E625260C7A00246C62 /* Resources */ = {
			isa = PBXResourcesBuildPhase;
			buildActionMask = 2147483647;
			files = (
				04F7930A2526102500246C62 /* restaurants.json in Resources */,
				04F792F825260C7B00246C62 /* LaunchScreen.storyboard in Resources */,
				04F792F525260C7B00246C62 /* Assets.xcassets in Resources */,
				04F792F325260C7A00246C62 /* Main.storyboard in Resources */,
			);
			runOnlyForDeploymentPostprocessing = 0;
		};
/* End PBXResourcesBuildPhase section */

/* Begin PBXShellScriptBuildPhase section */
		08CD7C77454F0185B8D13C0C /* [CP] Check Pods Manifest.lock */ = {
			isa = PBXShellScriptBuildPhase;
			buildActionMask = 2147483647;
			files = (
			);
			inputFileListPaths = (
			);
			inputPaths = (
				"${PODS_PODFILE_DIR_PATH}/Podfile.lock",
				"${PODS_ROOT}/Manifest.lock",
			);
			name = "[CP] Check Pods Manifest.lock";
			outputFileListPaths = (
			);
			outputPaths = (
				"$(DERIVED_FILE_DIR)/Pods-MVVMRxSwift-checkManifestLockResult.txt",
			);
			runOnlyForDeploymentPostprocessing = 0;
			shellPath = /bin/sh;
			shellScript = "diff \"${PODS_PODFILE_DIR_PATH}/Podfile.lock\" \"${PODS_ROOT}/Manifest.lock\" > /dev/null\nif [ $? != 0 ] ; then\n    # print error to STDERR\n    echo \"error: The sandbox is not in sync with the Podfile.lock. Run 'pod install' or update your CocoaPods installation.\" >&2\n    exit 1\nfi\n# This output is used by Xcode 'outputs' to avoid re-running this script phase.\necho \"SUCCESS\" > \"${SCRIPT_OUTPUT_FILE_0}\"\n";
			showEnvVarsInLog = 0;
		};
		8D94760FE7511F6AF6201ABB /* [CP] Embed Pods Frameworks */ = {
			isa = PBXShellScriptBuildPhase;
			buildActionMask = 2147483647;
			files = (
			);
			inputFileListPaths = (
				"${PODS_ROOT}/Target Support Files/Pods-MVVMRxSwift/Pods-MVVMRxSwift-frameworks-${CONFIGURATION}-input-files.xcfilelist",
			);
			name = "[CP] Embed Pods Frameworks";
			outputFileListPaths = (
				"${PODS_ROOT}/Target Support Files/Pods-MVVMRxSwift/Pods-MVVMRxSwift-frameworks-${CONFIGURATION}-output-files.xcfilelist",
			);
			runOnlyForDeploymentPostprocessing = 0;
			shellPath = /bin/sh;
			shellScript = "\"${PODS_ROOT}/Target Support Files/Pods-MVVMRxSwift/Pods-MVVMRxSwift-frameworks.sh\"\n";
			showEnvVarsInLog = 0;
		};
/* End PBXShellScriptBuildPhase section */

/* Begin PBXSourcesBuildPhase section */
		04F792E425260C7A00246C62 /* Sources */ = {
			isa = PBXSourcesBuildPhase;
			buildActionMask = 2147483647;
			files = (
				04F7930D252610B900246C62 /* Restaurant.swift in Sources */,
				04B0F16725261A73002E0F44 /* RestaurantViewModel.swift in Sources */,
				04F7930725260D2B00246C62 /* AppCoordinator.swift in Sources */,
				04F793192526192300246C62 /* RestaurantListViewModel.swift in Sources */,
				04F792F025260C7A00246C62 /* ViewController.swift in Sources */,
				04F792EC25260C7A00246C62 /* AppDelegate.swift in Sources */,
				04F793102526113B00246C62 /* RestaurantService.swift in Sources */,
				04F792EE25260C7A00246C62 /* SceneDelegate.swift in Sources */,
			);
			runOnlyForDeploymentPostprocessing = 0;
		};
/* End PBXSourcesBuildPhase section */

/* Begin PBXVariantGroup section */
		04F792F125260C7A00246C62 /* Main.storyboard */ = {
			isa = PBXVariantGroup;
			children = (
				04F792F225260C7A00246C62 /* Base */,
			);
			name = Main.storyboard;
			sourceTree = "<group>";
		};
		04F792F625260C7B00246C62 /* LaunchScreen.storyboard */ = {
			isa = PBXVariantGroup;
			children = (
				04F792F725260C7B00246C62 /* Base */,
			);
			name = LaunchScreen.storyboard;
			sourceTree = "<group>";
		};
/* End PBXVariantGroup section */

/* Begin XCBuildConfiguration section */
		04F792FA25260C7B00246C62 /* Debug */ = {
			isa = XCBuildConfiguration;
			buildSettings = {
				ALWAYS_SEARCH_USER_PATHS = NO;
				CLANG_ANALYZER_NONNULL = YES;
				CLANG_ANALYZER_NUMBER_OBJECT_CONVERSION = YES_AGGRESSIVE;
				CLANG_CXX_LANGUAGE_STANDARD = "gnu++14";
				CLANG_CXX_LIBRARY = "libc++";
				CLANG_ENABLE_MODULES = YES;
				CLANG_ENABLE_OBJC_ARC = YES;
				CLANG_ENABLE_OBJC_WEAK = YES;
				CLANG_WARN_BLOCK_CAPTURE_AUTORELEASING = YES;
				CLANG_WARN_BOOL_CONVERSION = YES;
				CLANG_WARN_COMMA = YES;
				CLANG_WARN_CONSTANT_CONVERSION = YES;
				CLANG_WARN_DEPRECATED_OBJC_IMPLEMENTATIONS = YES;
				CLANG_WARN_DIRECT_OBJC_ISA_USAGE = YES_ERROR;
				CLANG_WARN_DOCUMENTATION_COMMENTS = YES;
				CLANG_WARN_EMPTY_BODY = YES;
				CLANG_WARN_ENUM_CONVERSION = YES;
				CLANG_WARN_INFINITE_RECURSION = YES;
				CLANG_WARN_INT_CONVERSION = YES;
				CLANG_WARN_NON_LITERAL_NULL_CONVERSION = YES;
				CLANG_WARN_OBJC_IMPLICIT_RETAIN_SELF = YES;
				CLANG_WARN_OBJC_LITERAL_CONVERSION = YES;
				CLANG_WARN_OBJC_ROOT_CLASS = YES_ERROR;
				CLANG_WARN_QUOTED_INCLUDE_IN_FRAMEWORK_HEADER = YES;
				CLANG_WARN_RANGE_LOOP_ANALYSIS = YES;
				CLANG_WARN_STRICT_PROTOTYPES = YES;
				CLANG_WARN_SUSPICIOUS_MOVE = YES;
				CLANG_WARN_UNGUARDED_AVAILABILITY = YES_AGGRESSIVE;
				CLANG_WARN_UNREACHABLE_CODE = YES;
				CLANG_WARN__DUPLICATE_METHOD_MATCH = YES;
				COPY_PHASE_STRIP = NO;
				DEBUG_INFORMATION_FORMAT = dwarf;
				ENABLE_STRICT_OBJC_MSGSEND = YES;
				ENABLE_TESTABILITY = YES;
				GCC_C_LANGUAGE_STANDARD = gnu11;
				GCC_DYNAMIC_NO_PIC = NO;
				GCC_NO_COMMON_BLOCKS = YES;
				GCC_OPTIMIZATION_LEVEL = 0;
				GCC_PREPROCESSOR_DEFINITIONS = (
					"DEBUG=1",
					"$(inherited)",
				);
				GCC_WARN_64_TO_32_BIT_CONVERSION = YES;
				GCC_WARN_ABOUT_RETURN_TYPE = YES_ERROR;
				GCC_WARN_UNDECLARED_SELECTOR = YES;
				GCC_WARN_UNINITIALIZED_AUTOS = YES_AGGRESSIVE;
				GCC_WARN_UNUSED_FUNCTION = YES;
				GCC_WARN_UNUSED_VARIABLE = YES;
				IPHONEOS_DEPLOYMENT_TARGET = 14.0;
				MTL_ENABLE_DEBUG_INFO = INCLUDE_SOURCE;
				MTL_FAST_MATH = YES;
				ONLY_ACTIVE_ARCH = YES;
				SDKROOT = iphoneos;
				SWIFT_ACTIVE_COMPILATION_CONDITIONS = DEBUG;
				SWIFT_OPTIMIZATION_LEVEL = "-Onone";
			};
			name = Debug;
		};
		04F792FB25260C7B00246C62 /* Release */ = {
			isa = XCBuildConfiguration;
			buildSettings = {
				ALWAYS_SEARCH_USER_PATHS = NO;
				CLANG_ANALYZER_NONNULL = YES;
				CLANG_ANALYZER_NUMBER_OBJECT_CONVERSION = YES_AGGRESSIVE;
				CLANG_CXX_LANGUAGE_STANDARD = "gnu++14";
				CLANG_CXX_LIBRARY = "libc++";
				CLANG_ENABLE_MODULES = YES;
				CLANG_ENABLE_OBJC_ARC = YES;
				CLANG_ENABLE_OBJC_WEAK = YES;
				CLANG_WARN_BLOCK_CAPTURE_AUTORELEASING = YES;
				CLANG_WARN_BOOL_CONVERSION = YES;
				CLANG_WARN_COMMA = YES;
				CLANG_WARN_CONSTANT_CONVERSION = YES;
				CLANG_WARN_DEPRECATED_OBJC_IMPLEMENTATIONS = YES;
				CLANG_WARN_DIRECT_OBJC_ISA_USAGE = YES_ERROR;
				CLANG_WARN_DOCUMENTATION_COMMENTS = YES;
				CLANG_WARN_EMPTY_BODY = YES;
				CLANG_WARN_ENUM_CONVERSION = YES;
				CLANG_WARN_INFINITE_RECURSION = YES;
				CLANG_WARN_INT_CONVERSION = YES;
				CLANG_WARN_NON_LITERAL_NULL_CONVERSION = YES;
				CLANG_WARN_OBJC_IMPLICIT_RETAIN_SELF = YES;
				CLANG_WARN_OBJC_LITERAL_CONVERSION = YES;
				CLANG_WARN_OBJC_ROOT_CLASS = YES_ERROR;
				CLANG_WARN_QUOTED_INCLUDE_IN_FRAMEWORK_HEADER = YES;
				CLANG_WARN_RANGE_LOOP_ANALYSIS = YES;
				CLANG_WARN_STRICT_PROTOTYPES = YES;
				CLANG_WARN_SUSPICIOUS_MOVE = YES;
				CLANG_WARN_UNGUARDED_AVAILABILITY = YES_AGGRESSIVE;
				CLANG_WARN_UNREACHABLE_CODE = YES;
				CLANG_WARN__DUPLICATE_METHOD_MATCH = YES;
				COPY_PHASE_STRIP = NO;
				DEBUG_INFORMATION_FORMAT = "dwarf-with-dsym";
				ENABLE_NS_ASSERTIONS = NO;
				ENABLE_STRICT_OBJC_MSGSEND = YES;
				GCC_C_LANGUAGE_STANDARD = gnu11;
				GCC_NO_COMMON_BLOCKS = YES;
				GCC_WARN_64_TO_32_BIT_CONVERSION = YES;
				GCC_WARN_ABOUT_RETURN_TYPE = YES_ERROR;
				GCC_WARN_UNDECLARED_SELECTOR = YES;
				GCC_WARN_UNINITIALIZED_AUTOS = YES_AGGRESSIVE;
				GCC_WARN_UNUSED_FUNCTION = YES;
				GCC_WARN_UNUSED_VARIABLE = YES;
				IPHONEOS_DEPLOYMENT_TARGET = 14.0;
				MTL_ENABLE_DEBUG_INFO = NO;
				MTL_FAST_MATH = YES;
				SDKROOT = iphoneos;
				SWIFT_COMPILATION_MODE = wholemodule;
				SWIFT_OPTIMIZATION_LEVEL = "-O";
				VALIDATE_PRODUCT = YES;
			};
			name = Release;
		};
		04F792FD25260C7B00246C62 /* Debug */ = {
			isa = XCBuildConfiguration;
			baseConfigurationReference = 3E2A5F3E3F774E9F544D5291 /* Pods-MVVMRxSwift.debug.xcconfig */;
			buildSettings = {
				ASSETCATALOG_COMPILER_APPICON_NAME = AppIcon;
				ASSETCATALOG_COMPILER_GLOBAL_ACCENT_COLOR_NAME = AccentColor;
				CODE_SIGN_STYLE = Automatic;
				DEVELOPMENT_TEAM = 857J3M5L6B;
				INFOPLIST_FILE = MVVMRxSwift/Info.plist;
				LD_RUNPATH_SEARCH_PATHS = (
					"$(inherited)",
					"@executable_path/Frameworks",
				);
				PRODUCT_BUNDLE_IDENTIFIER = com.Jungsu.MVVMRxSwift;
				PRODUCT_NAME = "$(TARGET_NAME)";
				SWIFT_VERSION = 5.0;
				TARGETED_DEVICE_FAMILY = "1,2";
			};
			name = Debug;
		};
		04F792FE25260C7B00246C62 /* Release */ = {
			isa = XCBuildConfiguration;
			baseConfigurationReference = 3BD58C592F389928CDEC92B8 /* Pods-MVVMRxSwift.release.xcconfig */;
			buildSettings = {
				ASSETCATALOG_COMPILER_APPICON_NAME = AppIcon;
				ASSETCATALOG_COMPILER_GLOBAL_ACCENT_COLOR_NAME = AccentColor;
				CODE_SIGN_STYLE = Automatic;
				DEVELOPMENT_TEAM = 857J3M5L6B;
				INFOPLIST_FILE = MVVMRxSwift/Info.plist;
				LD_RUNPATH_SEARCH_PATHS = (
					"$(inherited)",
					"@executable_path/Frameworks",
				);
				PRODUCT_BUNDLE_IDENTIFIER = com.Jungsu.MVVMRxSwift;
				PRODUCT_NAME = "$(TARGET_NAME)";
				SWIFT_VERSION = 5.0;
				TARGETED_DEVICE_FAMILY = "1,2";
			};
			name = Release;
		};
/* End XCBuildConfiguration section */

/* Begin XCConfigurationList section */
		04F792E325260C7A00246C62 /* Build configuration list for PBXProject "MVVMRxSwift" */ = {
			isa = XCConfigurationList;
			buildConfigurations = (
				04F792FA25260C7B00246C62 /* Debug */,
				04F792FB25260C7B00246C62 /* Release */,
			);
			defaultConfigurationIsVisible = 0;
			defaultConfigurationName = Release;
		};
		04F792FC25260C7B00246C62 /* Build configuration list for PBXNativeTarget "MVVMRxSwift" */ = {
			isa = XCConfigurationList;
			buildConfigurations = (
				04F792FD25260C7B00246C62 /* Debug */,
				04F792FE25260C7B00246C62 /* Release */,
			);
			defaultConfigurationIsVisible = 0;
			defaultConfigurationName = Release;
		};
/* End XCConfigurationList section */
	};
	rootObject = 04F792E025260C7A00246C62 /* Project object */;
}
